
Microsoft Visual Studio Solution File, Format Version 12.00
# Visual Studio 14
VisualStudioVersion = 14.0.25420.1
MinimumVisualStudioVersion = 10.0.40219.1
Project("{8BC9CEB8-8B4A-11D0-8D11-00A0C91BC942}") = "Task2", "Task2\Task2.vcxproj", "{8F95EDD0-C15A-498F-BCC9-2451472CA134}"
EndProject
Project("{8BC9CEB8-8B4A-11D0-8D11-00A0C91BC942}") = "Task1", "Task1\Task1.vcxproj", "{541241D1-6418-466C-B76B-4E8737937E8D}"
EndProject
Global
	GlobalSection(SolutionConfigurationPlatforms) = preSolution
		Debug|x64 = Debug|x64
		Debug|x86 = Debug|x86
		Release|x64 = Release|x64
		Release|x86 = Release|x86
	EndGlobalSection
	GlobalSection(ProjectConfigurationPlatforms) = postSolution
		{8F95EDD0-C15A-498F-BCC9-2451472CA134}.Debug|x64.ActiveCfg = Debug|x64
		{8F95EDD0-C15A-498F-BCC9-2451472CA134}.Debug|x64.Build.0 = Debug|x64
		{8F95EDD0-C15A-498F-BCC9-2451472CA134}.Debug|x86.ActiveCfg = Debug|Win32
		{8F95EDD0-C15A-498F-BCC9-2451472CA134}.Debug|x86.Build.0 = Debug|Win32
		{8F95EDD0-C15A-498F-BCC9-2451472CA134}.Release|x64.ActiveCfg = Release|x64
		{8F95EDD0-C15A-498F-BCC9-2451472CA134}.Release|x64.Build.0 = Release|x64
		{8F95EDD0-C15A-498F-BCC9-2451472CA134}.Release|x86.ActiveCfg = Release|Win32
		{8F95EDD0-C15A-498F-BCC9-2451472CA134}.Release|x86.Build.0 = Release|Win32
		{541241D1-6418-466C-B76B-4E8737937E8D}.Debug|x64.ActiveCfg = Debug|x64
		{541241D1-6418-466C-B76B-4E8737937E8D}.Debug|x64.Build.0 = Debug|x64
		{541241D1-6418-466C-B76B-4E8737937E8D}.Debug|x86.ActiveCfg = Debug|Win32
		{541241D1-6418-466C-B76B-4E8737937E8D}.Debug|x86.Build.0 = Debug|Win32
		{541241D1-6418-466C-B76B-4E8737937E8D}.Release|x64.ActiveCfg = Release|x64
		{541241D1-6418-466C-B76B-4E8737937E8D}.Release|x64.Build.0 = Release|x64
		{541241D1-6418-466C-B76B-4E8737937E8D}.Release|x86.ActiveCfg = Release|Win32
		{541241D1-6418-466C-B76B-4E8737937E8D}.Release|x86.Build.0 = Release|Win32
	EndGlobalSection
	GlobalSection(SolutionProperties) = preSolution
		HideSolutionNode = FALSE
	EndGlobalSection
EndGlobal
