
Microsoft Visual Studio Solution File, Format Version 12.00
# Visual Studio 14
VisualStudioVersion = 14.0.25420.1
MinimumVisualStudioVersion = 10.0.40219.1
Project("{8BC9CEB8-8B4A-11D0-8D11-00A0C91BC942}") = "Lab7", "Lab7\Lab7.vcxproj", "{CC2363C4-EC37-4E0C-8C61-76444ADE52C3}"
EndProject
Project("{8BC9CEB8-8B4A-11D0-8D11-00A0C91BC942}") = "UnitTest1", "UnitTest1\UnitTest1.vcxproj", "{A994837D-CD26-4C01-88CE-658C5326B74F}"
EndProject
Global
	GlobalSection(SolutionConfigurationPlatforms) = preSolution
		Debug|x64 = Debug|x64
		Debug|x86 = Debug|x86
		Release|x64 = Release|x64
		Release|x86 = Release|x86
	EndGlobalSection
	GlobalSection(ProjectConfigurationPlatforms) = postSolution
		{CC2363C4-EC37-4E0C-8C61-76444ADE52C3}.Debug|x64.ActiveCfg = Debug|x64
		{CC2363C4-EC37-4E0C-8C61-76444ADE52C3}.Debug|x64.Build.0 = Debug|x64
		{CC2363C4-EC37-4E0C-8C61-76444ADE52C3}.Debug|x86.ActiveCfg = Debug|Win32
		{CC2363C4-EC37-4E0C-8C61-76444ADE52C3}.Debug|x86.Build.0 = Debug|Win32
		{CC2363C4-EC37-4E0C-8C61-76444ADE52C3}.Release|x64.ActiveCfg = Release|x64
		{CC2363C4-EC37-4E0C-8C61-76444ADE52C3}.Release|x64.Build.0 = Release|x64
		{CC2363C4-EC37-4E0C-8C61-76444ADE52C3}.Release|x86.ActiveCfg = Release|Win32
		{CC2363C4-EC37-4E0C-8C61-76444ADE52C3}.Release|x86.Build.0 = Release|Win32
		{A994837D-CD26-4C01-88CE-658C5326B74F}.Debug|x64.ActiveCfg = Debug|x64
		{A994837D-CD26-4C01-88CE-658C5326B74F}.Debug|x64.Build.0 = Debug|x64
		{A994837D-CD26-4C01-88CE-658C5326B74F}.Debug|x86.ActiveCfg = Debug|Win32
		{A994837D-CD26-4C01-88CE-658C5326B74F}.Debug|x86.Build.0 = Debug|Win32
		{A994837D-CD26-4C01-88CE-658C5326B74F}.Release|x64.ActiveCfg = Release|x64
		{A994837D-CD26-4C01-88CE-658C5326B74F}.Release|x64.Build.0 = Release|x64
		{A994837D-CD26-4C01-88CE-658C5326B74F}.Release|x86.ActiveCfg = Release|Win32
		{A994837D-CD26-4C01-88CE-658C5326B74F}.Release|x86.Build.0 = Release|Win32
	EndGlobalSection
	GlobalSection(SolutionProperties) = preSolution
		HideSolutionNode = FALSE
	EndGlobalSection
EndGlobal
